
Microsoft Visual Studio Solution File, Format Version 12.00
# Visual Studio Version 16
VisualStudioVersion = 16.0.29911.84
MinimumVisualStudioVersion = 10.0.40219.1
Project("{8BC9CEB8-8B4A-11D0-8D11-00A0C91BC942}") = "c_lab_project_2", "c_lab_project_2.vcxproj", "{46C0EC74-1D78-4110-AA62-B57F1296EDEE}"
EndProject
Global
	GlobalSection(SolutionConfigurationPlatforms) = preSolution
		Debug|x64 = Debug|x64
		Debug|x86 = Debug|x86
		Release|x64 = Release|x64
		Release|x86 = Release|x86
	EndGlobalSection
	GlobalSection(ProjectConfigurationPlatforms) = postSolution
		{46C0EC74-1D78-4110-AA62-B57F1296EDEE}.Debug|x64.ActiveCfg = Debug|x64
		{46C0EC74-1D78-4110-AA62-B57F1296EDEE}.Debug|x64.Build.0 = Debug|x64
		{46C0EC74-1D78-4110-AA62-B57F1296EDEE}.Debug|x86.ActiveCfg = Debug|Win32
		{46C0EC74-1D78-4110-AA62-B57F1296EDEE}.Debug|x86.Build.0 = Debug|Win32
		{46C0EC74-1D78-4110-AA62-B57F1296EDEE}.Release|x64.ActiveCfg = Release|x64
		{46C0EC74-1D78-4110-AA62-B57F1296EDEE}.Release|x64.Build.0 = Release|x64
		{46C0EC74-1D78-4110-AA62-B57F1296EDEE}.Release|x86.ActiveCfg = Release|Win32
		{46C0EC74-1D78-4110-AA62-B57F1296EDEE}.Release|x86.Build.0 = Release|Win32
	EndGlobalSection
	GlobalSection(SolutionProperties) = preSolution
		HideSolutionNode = FALSE
	EndGlobalSection
	GlobalSection(ExtensibilityGlobals) = postSolution
		SolutionGuid = {16C925B4-589C-4578-84E8-D0BF96359B06}
	EndGlobalSection
EndGlobal
