
Microsoft Visual Studio Solution File, Format Version 12.00
# Visual Studio 15
VisualStudioVersion = 15.0.28307.489
MinimumVisualStudioVersion = 10.0.40219.1
Project("{8BC9CEB8-8B4A-11D0-8D11-00A0C91BC942}") = "Project2", "Project2\Project2.vcxproj", "{EFBAA9F5-2010-47CE-9F41-846AD8700DD9}"
EndProject
Global
	GlobalSection(SolutionConfigurationPlatforms) = preSolution
		Debug|x64 = Debug|x64
		Debug|x86 = Debug|x86
		Release|x64 = Release|x64
		Release|x86 = Release|x86
	EndGlobalSection
	GlobalSection(ProjectConfigurationPlatforms) = postSolution
		{EFBAA9F5-2010-47CE-9F41-846AD8700DD9}.Debug|x64.ActiveCfg = Debug|x64
		{EFBAA9F5-2010-47CE-9F41-846AD8700DD9}.Debug|x64.Build.0 = Debug|x64
		{EFBAA9F5-2010-47CE-9F41-846AD8700DD9}.Debug|x86.ActiveCfg = Debug|Win32
		{EFBAA9F5-2010-47CE-9F41-846AD8700DD9}.Debug|x86.Build.0 = Debug|Win32
		{EFBAA9F5-2010-47CE-9F41-846AD8700DD9}.Release|x64.ActiveCfg = Release|x64
		{EFBAA9F5-2010-47CE-9F41-846AD8700DD9}.Release|x64.Build.0 = Release|x64
		{EFBAA9F5-2010-47CE-9F41-846AD8700DD9}.Release|x86.ActiveCfg = Release|Win32
		{EFBAA9F5-2010-47CE-9F41-846AD8700DD9}.Release|x86.Build.0 = Release|Win32
	EndGlobalSection
	GlobalSection(SolutionProperties) = preSolution
		HideSolutionNode = FALSE
	EndGlobalSection
	GlobalSection(ExtensibilityGlobals) = postSolution
		SolutionGuid = {BA6DBB29-52B5-4756-9179-4981C701BE60}
	EndGlobalSection
EndGlobal
